
Microsoft Visual Studio Solution File, Format Version 12.00
# Visual Studio Version 17
VisualStudioVersion = 17.4.33205.214
MinimumVisualStudioVersion = 10.0.40219.1
Project("{FAE04EC0-301F-11D3-BF4B-00C04F79EFBC}") = "TestApi", "TestApi\TestApi.csproj", "{96DFB6D3-C1CD-4337-ADA8-BB7F0A3E01EF}"
EndProject
Global
	GlobalSection(SolutionConfigurationPlatforms) = preSolution
		Debug|Any CPU = Debug|Any CPU
		Release|Any CPU = Release|Any CPU
	EndGlobalSection
	GlobalSection(ProjectConfigurationPlatforms) = postSolution
		{96DFB6D3-C1CD-4337-ADA8-BB7F0A3E01EF}.Debug|Any CPU.ActiveCfg = Debug|Any CPU
		{96DFB6D3-C1CD-4337-ADA8-BB7F0A3E01EF}.Debug|Any CPU.Build.0 = Debug|Any CPU
		{96DFB6D3-C1CD-4337-ADA8-BB7F0A3E01EF}.Release|Any CPU.ActiveCfg = Release|Any CPU
		{96DFB6D3-C1CD-4337-ADA8-BB7F0A3E01EF}.Release|Any CPU.Build.0 = Release|Any CPU
	EndGlobalSection
	GlobalSection(SolutionProperties) = preSolution
		HideSolutionNode = FALSE
	EndGlobalSection
	GlobalSection(ExtensibilityGlobals) = postSolution
		SolutionGuid = {EB93D49A-8ADB-4A01-A2CB-6887EE99F7E4}
	EndGlobalSection
EndGlobal
